
Microsoft Visual Studio Solution File, Format Version 12.00
# Visual Studio 2013
VisualStudioVersion = 12.0.30723.0
MinimumVisualStudioVersion = 10.0.40219.1
Project("{FAE04EC0-301F-11D3-BF4B-00C04F79EFBC}") = "01.AdvancedCollections", "AdvancedCollections\01.AdvancedCollections.csproj", "{5EEBCE88-9722-4593-BDED-6CAB3FCD4F38}"
EndProject
Project("{FAE04EC0-301F-11D3-BF4B-00C04F79EFBC}") = "02.SearchingProductInPriceRange", "SearchingProductInPriceRange\02.SearchingProductInPriceRange.csproj", "{ABAD8543-E874-490A-92C6-4D6A46A2EA03}"
EndProject
Project("{FAE04EC0-301F-11D3-BF4B-00C04F79EFBC}") = "03.FindingWordsInAText", "FindingWordsInAText\03.FindingWordsInAText.csproj", "{4DC09316-3807-4CF1-B4B2-5C25D22D4884}"
EndProject
Global
	GlobalSection(SolutionConfigurationPlatforms) = preSolution
		Debug|Any CPU = Debug|Any CPU
		Release|Any CPU = Release|Any CPU
	EndGlobalSection
	GlobalSection(ProjectConfigurationPlatforms) = postSolution
		{5EEBCE88-9722-4593-BDED-6CAB3FCD4F38}.Debug|Any CPU.ActiveCfg = Debug|Any CPU
		{5EEBCE88-9722-4593-BDED-6CAB3FCD4F38}.Debug|Any CPU.Build.0 = Debug|Any CPU
		{5EEBCE88-9722-4593-BDED-6CAB3FCD4F38}.Release|Any CPU.ActiveCfg = Release|Any CPU
		{5EEBCE88-9722-4593-BDED-6CAB3FCD4F38}.Release|Any CPU.Build.0 = Release|Any CPU
		{ABAD8543-E874-490A-92C6-4D6A46A2EA03}.Debug|Any CPU.ActiveCfg = Debug|Any CPU
		{ABAD8543-E874-490A-92C6-4D6A46A2EA03}.Debug|Any CPU.Build.0 = Debug|Any CPU
		{ABAD8543-E874-490A-92C6-4D6A46A2EA03}.Release|Any CPU.ActiveCfg = Release|Any CPU
		{ABAD8543-E874-490A-92C6-4D6A46A2EA03}.Release|Any CPU.Build.0 = Release|Any CPU
		{4DC09316-3807-4CF1-B4B2-5C25D22D4884}.Debug|Any CPU.ActiveCfg = Debug|Any CPU
		{4DC09316-3807-4CF1-B4B2-5C25D22D4884}.Debug|Any CPU.Build.0 = Debug|Any CPU
		{4DC09316-3807-4CF1-B4B2-5C25D22D4884}.Release|Any CPU.ActiveCfg = Release|Any CPU
		{4DC09316-3807-4CF1-B4B2-5C25D22D4884}.Release|Any CPU.Build.0 = Release|Any CPU
	EndGlobalSection
	GlobalSection(SolutionProperties) = preSolution
		HideSolutionNode = FALSE
	EndGlobalSection
EndGlobal
