
Microsoft Visual Studio Solution File, Format Version 12.00
# Visual Studio 2013
VisualStudioVersion = 12.0.21005.1
MinimumVisualStudioVersion = 10.0.40219.1
Project("{FAE04EC0-301F-11D3-BF4B-00C04F79EFBC}") = "JoroTheRabbit", "JoroTheRabbit\JoroTheRabbit.csproj", "{D2485A08-1898-4FE3-9F1B-231141BE3AE0}"
EndProject
Project("{FAE04EC0-301F-11D3-BF4B-00C04F79EFBC}") = "ThreeInOne", "ThreeInOne\ThreeInOne.csproj", "{8F3EEC21-7B3B-448D-9BC5-F04D667701B8}"
EndProject
Global
	GlobalSection(SolutionConfigurationPlatforms) = preSolution
		Debug|Any CPU = Debug|Any CPU
		Release|Any CPU = Release|Any CPU
	EndGlobalSection
	GlobalSection(ProjectConfigurationPlatforms) = postSolution
		{D2485A08-1898-4FE3-9F1B-231141BE3AE0}.Debug|Any CPU.ActiveCfg = Debug|Any CPU
		{D2485A08-1898-4FE3-9F1B-231141BE3AE0}.Debug|Any CPU.Build.0 = Debug|Any CPU
		{D2485A08-1898-4FE3-9F1B-231141BE3AE0}.Release|Any CPU.ActiveCfg = Release|Any CPU
		{D2485A08-1898-4FE3-9F1B-231141BE3AE0}.Release|Any CPU.Build.0 = Release|Any CPU
		{8F3EEC21-7B3B-448D-9BC5-F04D667701B8}.Debug|Any CPU.ActiveCfg = Debug|Any CPU
		{8F3EEC21-7B3B-448D-9BC5-F04D667701B8}.Debug|Any CPU.Build.0 = Debug|Any CPU
		{8F3EEC21-7B3B-448D-9BC5-F04D667701B8}.Release|Any CPU.ActiveCfg = Release|Any CPU
		{8F3EEC21-7B3B-448D-9BC5-F04D667701B8}.Release|Any CPU.Build.0 = Release|Any CPU
	EndGlobalSection
	GlobalSection(SolutionProperties) = preSolution
		HideSolutionNode = FALSE
	EndGlobalSection
EndGlobal
