
Microsoft Visual Studio Solution File, Format Version 12.00
# Visual Studio 2013
VisualStudioVersion = 12.0.21005.1
MinimumVisualStudioVersion = 10.0.40219.1
Project("{FAE04EC0-301F-11D3-BF4B-00C04F79EFBC}") = "SoftwareAcademy", "SoftwareAcademy\SoftwareAcademy.csproj", "{D7758A42-A5C4-4756-9912-2856BC75B691}"
EndProject
Global
	GlobalSection(SolutionConfigurationPlatforms) = preSolution
		Debug|Any CPU = Debug|Any CPU
		Release|Any CPU = Release|Any CPU
	EndGlobalSection
	GlobalSection(ProjectConfigurationPlatforms) = postSolution
		{D7758A42-A5C4-4756-9912-2856BC75B691}.Debug|Any CPU.ActiveCfg = Debug|Any CPU
		{D7758A42-A5C4-4756-9912-2856BC75B691}.Debug|Any CPU.Build.0 = Debug|Any CPU
		{D7758A42-A5C4-4756-9912-2856BC75B691}.Release|Any CPU.ActiveCfg = Release|Any CPU
		{D7758A42-A5C4-4756-9912-2856BC75B691}.Release|Any CPU.Build.0 = Release|Any CPU
	EndGlobalSection
	GlobalSection(SolutionProperties) = preSolution
		HideSolutionNode = FALSE
	EndGlobalSection
EndGlobal
