
Microsoft Visual Studio Solution File, Format Version 12.00
# Visual Studio 2013
VisualStudioVersion = 12.0.30501.0
MinimumVisualStudioVersion = 10.0.40219.1
Project("{FAE04EC0-301F-11D3-BF4B-00C04F79EFBC}") = "Poker", "Poker\Poker.csproj", "{BE482713-CA9C-46CF-9D43-9BEE845AFBD5}"
EndProject
Project("{FAE04EC0-301F-11D3-BF4B-00C04F79EFBC}") = "PokerTests", "PokerTests\PokerTests.csproj", "{DF54DFD5-0519-427B-AE72-94A0B7D73BEF}"
EndProject
Global
	GlobalSection(SolutionConfigurationPlatforms) = preSolution
		Debug|Any CPU = Debug|Any CPU
		Release|Any CPU = Release|Any CPU
	EndGlobalSection
	GlobalSection(ProjectConfigurationPlatforms) = postSolution
		{BE482713-CA9C-46CF-9D43-9BEE845AFBD5}.Debug|Any CPU.ActiveCfg = Debug|Any CPU
		{BE482713-CA9C-46CF-9D43-9BEE845AFBD5}.Debug|Any CPU.Build.0 = Debug|Any CPU
		{BE482713-CA9C-46CF-9D43-9BEE845AFBD5}.Release|Any CPU.ActiveCfg = Release|Any CPU
		{BE482713-CA9C-46CF-9D43-9BEE845AFBD5}.Release|Any CPU.Build.0 = Release|Any CPU
		{DF54DFD5-0519-427B-AE72-94A0B7D73BEF}.Debug|Any CPU.ActiveCfg = Debug|Any CPU
		{DF54DFD5-0519-427B-AE72-94A0B7D73BEF}.Debug|Any CPU.Build.0 = Debug|Any CPU
		{DF54DFD5-0519-427B-AE72-94A0B7D73BEF}.Release|Any CPU.ActiveCfg = Release|Any CPU
		{DF54DFD5-0519-427B-AE72-94A0B7D73BEF}.Release|Any CPU.Build.0 = Release|Any CPU
	EndGlobalSection
	GlobalSection(SolutionProperties) = preSolution
		HideSolutionNode = FALSE
	EndGlobalSection
EndGlobal
